<?xml version="1.0" encoding="utf-8"?>
<Project ToolsVersion="4.0" xmlns="http://schemas.microsoft.com/developer/msbuild/2003">
  <ItemGroup>
    <ClCompile Include="program.c" />
  </ItemGroup>
  <ItemGroup>
    <Filter Include="data">
      <UniqueIdentifier>{ce31da93-d607-47aa-9b96-e739c9cf88cd}</UniqueIdentifier>
    </Filter>
  </ItemGroup>
  <ItemGroup>
    <Image Include="..\data\16_color_palette.png">
      <Filter>data</Filter>
    </Image>
    <Image Include="..\data\font.png">
      <Filter>data</Filter>
    </Image>
    <Image Include="..\data\tileset0.png">
      <Filter>data</Filter>
    </Image>
    <Image Include="rat.ico" />
  </ItemGroup>
  <ItemGroup>
    <ClInclude Include="animation.h" />
    <ClInclude Include="asset.h" />
    <ClInclude Include="cdraw.h" />
    <ClInclude Include="coin.h" />
    <ClInclude Include="common.h" />
    <ClInclude Include="cstr.h" />
    <ClInclude Include="cwin.h" />
    <ClInclude Include="entity.h" />
    <ClInclude Include="floatingnumber.h" />
    <ClInclude Include="font.h" />
    <ClInclude Include="item.h" />
    <ClInclude Include="particle.h" />
    <ClInclude Include="player.h" />
    <ClInclude Include="projectile.h" />
    <ClInclude Include="tile.h" />
    <ClInclude Include="timer.h" />
    <ClInclude Include="weapon.h" />
    <ClInclude Include="creature.h" />
    <ClInclude Include="resource1.h" />
    <ClInclude Include="board.h" />
    <ClInclude Include="item_stand.h" />
    <ClInclude Include="portal.h" />
    <ClInclude Include="hud.h" />
    <ClInclude Include="weather.h" />
    <ClInclude Include="object.h" />
  </ItemGroup>
  <ItemGroup>
    <ResourceCompile Include="adventure_V14.rc" />
  </ItemGroup>
</Project>