<?xml version="1.0" encoding="utf-8"?>
<Project ToolsVersion="4.0" xmlns="http://schemas.microsoft.com/developer/msbuild/2003">
  <ItemGroup>
    <ClCompile Include="program.c" />
  </ItemGroup>
  <ItemGroup>
    <ClInclude Include="cdraw.h" />
    <ClInclude Include="cfontsimple.h" />
    <ClInclude Include="common.h" />
    <ClInclude Include="ctile.h" />
    <ClInclude Include="ctimer.h" />
    <ClInclude Include="cworld.h" />
    <ClInclude Include="canimation.h" />
    <ClInclude Include="ccoin.h" />
    <ClInclude Include="cenemy.h" />
    <ClInclude Include="cfloatingnumber.h" />
    <ClInclude Include="citem.h" />
    <ClInclude Include="cnpc.h" />
    <ClInclude Include="cparticles.h" />
    <ClInclude Include="cplayer.h" />
    <ClInclude Include="cweapon.h" />
    <ClInclude Include="cprojectile.h" />
    <ClInclude Include="casset.h" />
    <ClInclude Include="centity.h" />
    <ClInclude Include="cstr.h" />
  </ItemGroup>
  <ItemGroup>
    <Filter Include="data">
      <UniqueIdentifier>{ce31da93-d607-47aa-9b96-e739c9cf88cd}</UniqueIdentifier>
    </Filter>
  </ItemGroup>
  <ItemGroup>
    <Image Include="..\data\16_color_palette.png">
      <Filter>data</Filter>
    </Image>
    <Image Include="..\data\font.png">
      <Filter>data</Filter>
    </Image>
    <Image Include="..\data\tileset0.png">
      <Filter>data</Filter>
    </Image>
  </ItemGroup>
</Project>